{
    "name": "@baseline-insight/core-engine",
    "version": "0.1.0",
    "lockfileVersion": 3,
    "requires": true,
    "packages": {
        "": {
            "name": "@baseline-insight/core-engine",
            "version": "0.1.0",
            "dependencies": {
                "web-features": "^3.0.0"
            }
        },
        "node_modules/web-features": {
            "version": "3.0.0",
            "resolved": "https://registry.npmjs.org/web-features/-/web-features-3.0.0.tgz",
            "integrity": "sha512-egaKt3I982qaqezDzte+/n9Oee24pJIQIwoDxT3sd9icBRCKMozrMdKR1e78az4BQlzeNWicgGhVTbDBEQh7Nw==",
            "license": "Apache-2.0"
        }
    }
}
